
Microsoft Visual Studio Solution File, Format Version 12.00
# Visual Studio Version 17
VisualStudioVersion = 17.4.33213.308
MinimumVisualStudioVersion = 10.0.40219.1
Project("{9A19103F-16F7-4668-BE54-9A1E7A4F7556}") = "4Test", "4Test\4Test.csproj", "{4BA0E291-E1D6-46B3-B83F-B354E0FE4016}"
EndProject
Project("{FAE04EC0-301F-11D3-BF4B-00C04F79EFBC}") = "DB", "DB\DB.csproj", "{DD264E04-08EB-4D0E-90BA-71AB88E57EB6}"
EndProject
Global
	GlobalSection(SolutionConfigurationPlatforms) = preSolution
		Debug|Any CPU = Debug|Any CPU
		Release|Any CPU = Release|Any CPU
	EndGlobalSection
	GlobalSection(ProjectConfigurationPlatforms) = postSolution
		{4BA0E291-E1D6-46B3-B83F-B354E0FE4016}.Debug|Any CPU.ActiveCfg = Debug|Any CPU
		{4BA0E291-E1D6-46B3-B83F-B354E0FE4016}.Debug|Any CPU.Build.0 = Debug|Any CPU
		{4BA0E291-E1D6-46B3-B83F-B354E0FE4016}.Release|Any CPU.ActiveCfg = Release|Any CPU
		{4BA0E291-E1D6-46B3-B83F-B354E0FE4016}.Release|Any CPU.Build.0 = Release|Any CPU
		{DD264E04-08EB-4D0E-90BA-71AB88E57EB6}.Debug|Any CPU.ActiveCfg = Debug|Any CPU
		{DD264E04-08EB-4D0E-90BA-71AB88E57EB6}.Debug|Any CPU.Build.0 = Debug|Any CPU
		{DD264E04-08EB-4D0E-90BA-71AB88E57EB6}.Release|Any CPU.ActiveCfg = Release|Any CPU
		{DD264E04-08EB-4D0E-90BA-71AB88E57EB6}.Release|Any CPU.Build.0 = Release|Any CPU
	EndGlobalSection
	GlobalSection(SolutionProperties) = preSolution
		HideSolutionNode = FALSE
	EndGlobalSection
	GlobalSection(ExtensibilityGlobals) = postSolution
		SolutionGuid = {228EC1DC-EABF-42D6-A9EB-83974DD51995}
	EndGlobalSection
EndGlobal
